
Microsoft Visual Studio Solution File, Format Version 12.00
# Visual Studio Version 16
VisualStudioVersion = 16.0.29209.62
MinimumVisualStudioVersion = 10.0.40219.1
Project("{8BC9CEB8-8B4A-11D0-8D11-00A0C91BC942}") = "BacaFile__C", "BacaFile__C.vcxproj", "{E4EBB758-8899-4ECC-B452-97085C7F3C9E}"
EndProject
Global
	GlobalSection(SolutionConfigurationPlatforms) = preSolution
		Debug|x64 = Debug|x64
		Debug|x86 = Debug|x86
		Release|x64 = Release|x64
		Release|x86 = Release|x86
	EndGlobalSection
	GlobalSection(ProjectConfigurationPlatforms) = postSolution
		{E4EBB758-8899-4ECC-B452-97085C7F3C9E}.Debug|x64.ActiveCfg = Debug|x64
		{E4EBB758-8899-4ECC-B452-97085C7F3C9E}.Debug|x64.Build.0 = Debug|x64
		{E4EBB758-8899-4ECC-B452-97085C7F3C9E}.Debug|x86.ActiveCfg = Debug|Win32
		{E4EBB758-8899-4ECC-B452-97085C7F3C9E}.Debug|x86.Build.0 = Debug|Win32
		{E4EBB758-8899-4ECC-B452-97085C7F3C9E}.Release|x64.ActiveCfg = Release|x64
		{E4EBB758-8899-4ECC-B452-97085C7F3C9E}.Release|x64.Build.0 = Release|x64
		{E4EBB758-8899-4ECC-B452-97085C7F3C9E}.Release|x86.ActiveCfg = Release|Win32
		{E4EBB758-8899-4ECC-B452-97085C7F3C9E}.Release|x86.Build.0 = Release|Win32
	EndGlobalSection
	GlobalSection(SolutionProperties) = preSolution
		HideSolutionNode = FALSE
	EndGlobalSection
	GlobalSection(ExtensibilityGlobals) = postSolution
		SolutionGuid = {1A58B3EC-17D9-4130-BAB0-AD9103C8FB00}
	EndGlobalSection
EndGlobal
